
Microsoft Visual Studio Solution File, Format Version 12.00
# Visual Studio Version 17
VisualStudioVersion = 17.14.36414.22 d17.14
MinimumVisualStudioVersion = 10.0.40219.1
Project("{FAE04EC0-301F-11D3-BF4B-00C04F79EFBC}") = "AIActions", "AIActions\AIActions.csproj", "{5B0999A1-E75C-4BF3-AB45-7955730C93BC}"
EndProject
Global
	GlobalSection(SolutionConfigurationPlatforms) = preSolution
		Debug|Any CPU = Debug|Any CPU
		Release|Any CPU = Release|Any CPU
	EndGlobalSection
	GlobalSection(ProjectConfigurationPlatforms) = postSolution
		{5B0999A1-E75C-4BF3-AB45-7955730C93BC}.Debug|Any CPU.ActiveCfg = Debug|Any CPU
		{5B0999A1-E75C-4BF3-AB45-7955730C93BC}.Debug|Any CPU.Build.0 = Debug|Any CPU
		{5B0999A1-E75C-4BF3-AB45-7955730C93BC}.Release|Any CPU.ActiveCfg = Release|Any CPU
		{5B0999A1-E75C-4BF3-AB45-7955730C93BC}.Release|Any CPU.Build.0 = Release|Any CPU
	EndGlobalSection
	GlobalSection(SolutionProperties) = preSolution
		HideSolutionNode = FALSE
	EndGlobalSection
	GlobalSection(ExtensibilityGlobals) = postSolution
		SolutionGuid = {4721F038-021A-4ED2-B834-288C4061969E}
	EndGlobalSection
EndGlobal
